
Microsoft Visual Studio Solution File, Format Version 12.00
# Visual Studio Version 16
VisualStudioVersion = 16.0.29806.167
MinimumVisualStudioVersion = 10.0.40219.1
Project("{FAE04EC0-301F-11D3-BF4B-00C04F79EFBC}") = "TakkalaDigitalShopping", "TakkalaDigitalShopping\TakkalaDigitalShopping.csproj", "{845A8D6C-BB60-46B4-B119-5B6741F2278B}"
EndProject
Global
	GlobalSection(SolutionConfigurationPlatforms) = preSolution
		Debug|Any CPU = Debug|Any CPU
		Release|Any CPU = Release|Any CPU
	EndGlobalSection
	GlobalSection(ProjectConfigurationPlatforms) = postSolution
		{845A8D6C-BB60-46B4-B119-5B6741F2278B}.Debug|Any CPU.ActiveCfg = Debug|Any CPU
		{845A8D6C-BB60-46B4-B119-5B6741F2278B}.Debug|Any CPU.Build.0 = Debug|Any CPU
		{845A8D6C-BB60-46B4-B119-5B6741F2278B}.Release|Any CPU.ActiveCfg = Release|Any CPU
		{845A8D6C-BB60-46B4-B119-5B6741F2278B}.Release|Any CPU.Build.0 = Release|Any CPU
	EndGlobalSection
	GlobalSection(SolutionProperties) = preSolution
		HideSolutionNode = FALSE
	EndGlobalSection
	GlobalSection(ExtensibilityGlobals) = postSolution
		SolutionGuid = {33CF62A8-9080-49CB-90CE-9C21FDE09E20}
	EndGlobalSection
EndGlobal
